github.com/gorilla/mux v1.8.0 h1:i40aqfkR1h2SlN9hojwV5ZA91wcXFOvkdNIeFDP5koI=
github.com/gorilla/mux v1.8.0/go.mod h1:DVbg23sWSpFRCP0SfiEN6jmj59UnW/n46BH5rLB71So=
github.com/ridhoilhamr/DTS2020-PengenalanMicroservice v0.0.0-20201102050452-ecdc6b926e6a h1:o2aRfiHk0BCtzY3m0pNSNtR4ynJDXKCNqnhLTN8LCTg=
